
Microsoft Visual Studio Solution File, Format Version 12.00
# Visual Studio Version 17
VisualStudioVersion = 17.14.36623.8 d17.14
MinimumVisualStudioVersion = 10.0.40219.1
Project("{FAE04EC0-301F-11D3-BF4B-00C04F79EFBC}") = "ConsoleAppEjercicio1", "ConsoleAppEjercicio1\ConsoleAppEjercicio1.csproj", "{EEFD8B43-9363-4EC8-A58E-0E7E7641AF11}"
EndProject
Global
	GlobalSection(SolutionConfigurationPlatforms) = preSolution
		Debug|Any CPU = Debug|Any CPU
		Release|Any CPU = Release|Any CPU
	EndGlobalSection
	GlobalSection(ProjectConfigurationPlatforms) = postSolution
		{EEFD8B43-9363-4EC8-A58E-0E7E7641AF11}.Debug|Any CPU.ActiveCfg = Debug|Any CPU
		{EEFD8B43-9363-4EC8-A58E-0E7E7641AF11}.Debug|Any CPU.Build.0 = Debug|Any CPU
		{EEFD8B43-9363-4EC8-A58E-0E7E7641AF11}.Release|Any CPU.ActiveCfg = Release|Any CPU
		{EEFD8B43-9363-4EC8-A58E-0E7E7641AF11}.Release|Any CPU.Build.0 = Release|Any CPU
	EndGlobalSection
	GlobalSection(SolutionProperties) = preSolution
		HideSolutionNode = FALSE
	EndGlobalSection
	GlobalSection(ExtensibilityGlobals) = postSolution
		SolutionGuid = {3FE91CA4-EC87-4CE6-99C5-9C2398A63D43}
	EndGlobalSection
EndGlobal
